
Microsoft Visual Studio Solution File, Format Version 12.00
# Visual Studio Version 17
VisualStudioVersion = 17.5.002.0
MinimumVisualStudioVersion = 10.0.40219.1
Project("{9A19103F-16F7-4668-BE54-9A1E7A4F7556}") = "WebAppDocker", "WebAppDocker.csproj", "{3A500D22-1F6F-497E-AC46-5B7AD16C0DEE}"
EndProject
Global
	GlobalSection(SolutionConfigurationPlatforms) = preSolution
		Debug|Any CPU = Debug|Any CPU
		Release|Any CPU = Release|Any CPU
	EndGlobalSection
	GlobalSection(ProjectConfigurationPlatforms) = postSolution
		{3A500D22-1F6F-497E-AC46-5B7AD16C0DEE}.Debug|Any CPU.ActiveCfg = Debug|Any CPU
		{3A500D22-1F6F-497E-AC46-5B7AD16C0DEE}.Debug|Any CPU.Build.0 = Debug|Any CPU
		{3A500D22-1F6F-497E-AC46-5B7AD16C0DEE}.Release|Any CPU.ActiveCfg = Release|Any CPU
		{3A500D22-1F6F-497E-AC46-5B7AD16C0DEE}.Release|Any CPU.Build.0 = Release|Any CPU
	EndGlobalSection
	GlobalSection(SolutionProperties) = preSolution
		HideSolutionNode = FALSE
	EndGlobalSection
	GlobalSection(ExtensibilityGlobals) = postSolution
		SolutionGuid = {900FE61A-5849-4556-8FF4-A2C535016A33}
	EndGlobalSection
EndGlobal
